
Microsoft Visual Studio Solution File, Format Version 12.00
# Visual Studio Version 17
VisualStudioVersion = 17.3.32825.248
MinimumVisualStudioVersion = 10.0.40219.1
Project("{FAE04EC0-301F-11D3-BF4B-00C04F79EFBC}") = "BDFamosos", "..\BDFamosos\BDFamosos.csproj", "{A47BF7CC-C82A-4C70-99E5-049AF5B5C9EF}"
EndProject
Project("{FAE04EC0-301F-11D3-BF4B-00C04F79EFBC}") = "AppWinForms", "..\AppWinForms\AppWinForms.csproj", "{E4F3A62A-3029-46AC-AE57-3A817F39EFD5}"
EndProject
Global
	GlobalSection(SolutionConfigurationPlatforms) = preSolution
		Debug|Any CPU = Debug|Any CPU
		Release|Any CPU = Release|Any CPU
	EndGlobalSection
	GlobalSection(ProjectConfigurationPlatforms) = postSolution
		{A47BF7CC-C82A-4C70-99E5-049AF5B5C9EF}.Debug|Any CPU.ActiveCfg = Debug|Any CPU
		{A47BF7CC-C82A-4C70-99E5-049AF5B5C9EF}.Debug|Any CPU.Build.0 = Debug|Any CPU
		{A47BF7CC-C82A-4C70-99E5-049AF5B5C9EF}.Release|Any CPU.ActiveCfg = Release|Any CPU
		{A47BF7CC-C82A-4C70-99E5-049AF5B5C9EF}.Release|Any CPU.Build.0 = Release|Any CPU
		{E4F3A62A-3029-46AC-AE57-3A817F39EFD5}.Debug|Any CPU.ActiveCfg = Debug|Any CPU
		{E4F3A62A-3029-46AC-AE57-3A817F39EFD5}.Debug|Any CPU.Build.0 = Debug|Any CPU
		{E4F3A62A-3029-46AC-AE57-3A817F39EFD5}.Release|Any CPU.ActiveCfg = Release|Any CPU
		{E4F3A62A-3029-46AC-AE57-3A817F39EFD5}.Release|Any CPU.Build.0 = Release|Any CPU
	EndGlobalSection
	GlobalSection(SolutionProperties) = preSolution
		HideSolutionNode = FALSE
	EndGlobalSection
	GlobalSection(ExtensibilityGlobals) = postSolution
		SolutionGuid = {A4870B16-4AAB-43C6-BC6B-4918DB99B124}
	EndGlobalSection
EndGlobal
